
Microsoft Visual Studio Solution File, Format Version 12.00
# Visual Studio Version 17
VisualStudioVersion = 17.3.32804.467
MinimumVisualStudioVersion = 10.0.40219.1
Project("{FAE04EC0-301F-11D3-BF4B-00C04F79EFBC}") = "HandlingExceptions", "HandlingExceptions\HandlingExceptions.csproj", "{3207AB33-E7DD-465E-BA9B-C14DDE75593E}"
EndProject
Global
	GlobalSection(SolutionConfigurationPlatforms) = preSolution
		Debug|Any CPU = Debug|Any CPU
		Release|Any CPU = Release|Any CPU
	EndGlobalSection
	GlobalSection(ProjectConfigurationPlatforms) = postSolution
		{3207AB33-E7DD-465E-BA9B-C14DDE75593E}.Debug|Any CPU.ActiveCfg = Debug|Any CPU
		{3207AB33-E7DD-465E-BA9B-C14DDE75593E}.Debug|Any CPU.Build.0 = Debug|Any CPU
		{3207AB33-E7DD-465E-BA9B-C14DDE75593E}.Release|Any CPU.ActiveCfg = Release|Any CPU
		{3207AB33-E7DD-465E-BA9B-C14DDE75593E}.Release|Any CPU.Build.0 = Release|Any CPU
	EndGlobalSection
	GlobalSection(SolutionProperties) = preSolution
		HideSolutionNode = FALSE
	EndGlobalSection
	GlobalSection(ExtensibilityGlobals) = postSolution
		SolutionGuid = {6FA75559-A1E8-45FB-807A-379F88D8AE23}
	EndGlobalSection
EndGlobal
