
Microsoft Visual Studio Solution File, Format Version 12.00
# Visual Studio Version 17
VisualStudioVersion = 17.3.32804.467
MinimumVisualStudioVersion = 10.0.40219.1
Project("{FAE04EC0-301F-11D3-BF4B-00C04F79EFBC}") = "MyClient", "MyClient\MyClient.csproj", "{B70A7DD9-C000-406D-B194-6F90A7594F5A}"
EndProject
Global
	GlobalSection(SolutionConfigurationPlatforms) = preSolution
		Debug|Any CPU = Debug|Any CPU
		Release|Any CPU = Release|Any CPU
	EndGlobalSection
	GlobalSection(ProjectConfigurationPlatforms) = postSolution
		{B70A7DD9-C000-406D-B194-6F90A7594F5A}.Debug|Any CPU.ActiveCfg = Debug|Any CPU
		{B70A7DD9-C000-406D-B194-6F90A7594F5A}.Debug|Any CPU.Build.0 = Debug|Any CPU
		{B70A7DD9-C000-406D-B194-6F90A7594F5A}.Release|Any CPU.ActiveCfg = Release|Any CPU
		{B70A7DD9-C000-406D-B194-6F90A7594F5A}.Release|Any CPU.Build.0 = Release|Any CPU
	EndGlobalSection
	GlobalSection(SolutionProperties) = preSolution
		HideSolutionNode = FALSE
	EndGlobalSection
	GlobalSection(ExtensibilityGlobals) = postSolution
		SolutionGuid = {D230F772-E7E9-4BEF-B226-DBEDE8865D77}
	EndGlobalSection
EndGlobal
