
Microsoft Visual Studio Solution File, Format Version 12.00
# Visual Studio Version 17
VisualStudioVersion = 17.3.32804.467
MinimumVisualStudioVersion = 10.0.40219.1
Project("{FAE04EC0-301F-11D3-BF4B-00C04F79EFBC}") = "WPFEvents", "WPFEvents\WPFEvents.csproj", "{6D18205E-C280-4E35-A1A7-F3DF71E22E50}"
EndProject
Global
	GlobalSection(SolutionConfigurationPlatforms) = preSolution
		Debug|Any CPU = Debug|Any CPU
		Release|Any CPU = Release|Any CPU
	EndGlobalSection
	GlobalSection(ProjectConfigurationPlatforms) = postSolution
		{6D18205E-C280-4E35-A1A7-F3DF71E22E50}.Debug|Any CPU.ActiveCfg = Debug|Any CPU
		{6D18205E-C280-4E35-A1A7-F3DF71E22E50}.Debug|Any CPU.Build.0 = Debug|Any CPU
		{6D18205E-C280-4E35-A1A7-F3DF71E22E50}.Release|Any CPU.ActiveCfg = Release|Any CPU
		{6D18205E-C280-4E35-A1A7-F3DF71E22E50}.Release|Any CPU.Build.0 = Release|Any CPU
	EndGlobalSection
	GlobalSection(SolutionProperties) = preSolution
		HideSolutionNode = FALSE
	EndGlobalSection
	GlobalSection(ExtensibilityGlobals) = postSolution
		SolutionGuid = {2E858C78-556F-4AA3-B417-2072DEA534DB}
	EndGlobalSection
EndGlobal
