
Microsoft Visual Studio Solution File, Format Version 12.00
# Visual Studio Version 17
VisualStudioVersion = 17.3.32804.467
MinimumVisualStudioVersion = 10.0.40219.1
Project("{FAE04EC0-301F-11D3-BF4B-00C04F79EFBC}") = "SimpleClasses", "SimpleClasses\SimpleClasses.csproj", "{E69B1697-CE73-4D61-8D7F-B35DC151D7EC}"
EndProject
Global
	GlobalSection(SolutionConfigurationPlatforms) = preSolution
		Debug|Any CPU = Debug|Any CPU
		Release|Any CPU = Release|Any CPU
	EndGlobalSection
	GlobalSection(ProjectConfigurationPlatforms) = postSolution
		{E69B1697-CE73-4D61-8D7F-B35DC151D7EC}.Debug|Any CPU.ActiveCfg = Debug|Any CPU
		{E69B1697-CE73-4D61-8D7F-B35DC151D7EC}.Debug|Any CPU.Build.0 = Debug|Any CPU
		{E69B1697-CE73-4D61-8D7F-B35DC151D7EC}.Release|Any CPU.ActiveCfg = Release|Any CPU
		{E69B1697-CE73-4D61-8D7F-B35DC151D7EC}.Release|Any CPU.Build.0 = Release|Any CPU
	EndGlobalSection
	GlobalSection(SolutionProperties) = preSolution
		HideSolutionNode = FALSE
	EndGlobalSection
	GlobalSection(ExtensibilityGlobals) = postSolution
		SolutionGuid = {8347D435-9FAD-4F0E-8606-F8136F5AE645}
	EndGlobalSection
EndGlobal
