
Microsoft Visual Studio Solution File, Format Version 12.00
# Visual Studio Version 17
VisualStudioVersion = 17.3.32804.467
MinimumVisualStudioVersion = 10.0.40219.1
Project("{FAE04EC0-301F-11D3-BF4B-00C04F79EFBC}") = "Variables", "Variables\Variables.csproj", "{ECC80148-F95B-4C2F-A42B-78463D2CA44C}"
EndProject
Global
	GlobalSection(SolutionConfigurationPlatforms) = preSolution
		Debug|Any CPU = Debug|Any CPU
		Release|Any CPU = Release|Any CPU
	EndGlobalSection
	GlobalSection(ProjectConfigurationPlatforms) = postSolution
		{ECC80148-F95B-4C2F-A42B-78463D2CA44C}.Debug|Any CPU.ActiveCfg = Debug|Any CPU
		{ECC80148-F95B-4C2F-A42B-78463D2CA44C}.Debug|Any CPU.Build.0 = Debug|Any CPU
		{ECC80148-F95B-4C2F-A42B-78463D2CA44C}.Release|Any CPU.ActiveCfg = Release|Any CPU
		{ECC80148-F95B-4C2F-A42B-78463D2CA44C}.Release|Any CPU.Build.0 = Release|Any CPU
	EndGlobalSection
	GlobalSection(SolutionProperties) = preSolution
		HideSolutionNode = FALSE
	EndGlobalSection
	GlobalSection(ExtensibilityGlobals) = postSolution
		SolutionGuid = {1A0E471D-0600-4DA5-A485-B233A880B659}
	EndGlobalSection
EndGlobal
