
Microsoft Visual Studio Solution File, Format Version 12.00
# Visual Studio Version 17
VisualStudioVersion = 17.3.32804.467
MinimumVisualStudioVersion = 10.0.40219.1
Project("{FAE04EC0-301F-11D3-BF4B-00C04F79EFBC}") = "ObjectLifetime", "ObjectLifetime\ObjectLifetime.csproj", "{AFC9393A-7DA9-484F-81C8-D16DE47212CB}"
EndProject
Global
	GlobalSection(SolutionConfigurationPlatforms) = preSolution
		Debug|Any CPU = Debug|Any CPU
		Release|Any CPU = Release|Any CPU
	EndGlobalSection
	GlobalSection(ProjectConfigurationPlatforms) = postSolution
		{AFC9393A-7DA9-484F-81C8-D16DE47212CB}.Debug|Any CPU.ActiveCfg = Debug|Any CPU
		{AFC9393A-7DA9-484F-81C8-D16DE47212CB}.Debug|Any CPU.Build.0 = Debug|Any CPU
		{AFC9393A-7DA9-484F-81C8-D16DE47212CB}.Release|Any CPU.ActiveCfg = Release|Any CPU
		{AFC9393A-7DA9-484F-81C8-D16DE47212CB}.Release|Any CPU.Build.0 = Release|Any CPU
	EndGlobalSection
	GlobalSection(SolutionProperties) = preSolution
		HideSolutionNode = FALSE
	EndGlobalSection
	GlobalSection(ExtensibilityGlobals) = postSolution
		SolutionGuid = {619456D1-FC89-4424-90BC-E06D02C62DAD}
	EndGlobalSection
EndGlobal
